{
  "nodes": {
    "app-faugus-launcher": {
      "flake": false,
      "locked": {
        "lastModified": 1779825676,
        "narHash": "sha256-pmvxdIF/1Gaq91UTdPS1u53FIb/CJotE2f2kIJhScH4=",
        "ref": "refs/tags/v1.20.3",
        "rev": "6120659e765ddf4da12b9a976dc704387f8f86ee",
        "revCount": 6,
        "type": "git",
        "url": "https://framagit.org/gaming-linux-fr/glf-os/app-glf-os/faugus-launcher.git"
      },
      "original": {
        "ref": "refs/tags/v1.20.3",
        "type": "git",
        "url": "https://framagit.org/gaming-linux-fr/glf-os/app-glf-os/faugus-launcher.git"
      }
    },
    "app-lutris": {
      "flake": false,
      "locked": {
        "lastModified": 1779262723,
        "narHash": "sha256-0nFcuP6Zh0K7OPgPP54UZzIvfq8Kfjg/8uc9tLHIG+E=",
        "ref": "refs/tags/v0.5.22",
        "rev": "b99f9ab54e781f09c63f0d7a5f91fc5ad80b647e",
        "revCount": 3,
        "type": "git",
        "url": "https://framagit.org/gaming-linux-fr/glf-os/app-glf-os/lutris.git"
      },
      "original": {
        "ref": "refs/tags/v0.5.22",
        "type": "git",
        "url": "https://framagit.org/gaming-linux-fr/glf-os/app-glf-os/lutris.git"
      }
    },
    "app-nix-disk": {
      "flake": false,
      "locked": {
        "lastModified": 1777728314,
        "narHash": "sha256-bwS1tPn/k0q7G1U6Y+DDlaxgWsWVxwqYQPCQxASn9Vs=",
        "ref": "refs/tags/v2.3.4",
        "rev": "db4018f9c322a1f87db6bdfa62b1b298e0d23357",
        "revCount": 29,
        "type": "git",
        "url": "https://framagit.org/gaming-linux-fr/glf-os/app-glf-os/nix-disk.git"
      },
      "original": {
        "ref": "refs/tags/v2.3.4",
        "type": "git",
        "url": "https://framagit.org/gaming-linux-fr/glf-os/app-glf-os/nix-disk.git"
      }
    },
    "app-nix-firewall": {
      "flake": false,
      "locked": {
        "lastModified": 1780492171,
        "narHash": "sha256-RoRaENxfbnLdYJw3R9yAqXjRyfdSbr1Qcazp+0IezTs=",
        "ref": "main",
        "rev": "95d23a6e134b5202143b8cc2e85f9985ea2e5b53",
        "revCount": 28,
        "type": "git",
        "url": "https://framagit.org/gaming-linux-fr/glf-os/app-glf-os/nix-firewall-mngt.git"
      },
      "original": {
        "ref": "main",
        "type": "git",
        "url": "https://framagit.org/gaming-linux-fr/glf-os/app-glf-os/nix-firewall-mngt.git"
      }
    },
    "app-proton-cachyos": {
      "flake": false,
      "locked": {
        "lastModified": 1780304695,
        "narHash": "sha256-nIfkVZrRaFIe5qBjCvjOOjnx4T+aarwnWNob+vOJpoI=",
        "ref": "main",
        "rev": "1846ca7f90ef0fd920aef58624dca7920be7aca5",
        "revCount": 14,
        "type": "git",
        "url": "https://framagit.org/gaming-linux-fr/glf-os/app-glf-os/proton-cachyos-bin.git"
      },
      "original": {
        "ref": "main",
        "type": "git",
        "url": "https://framagit.org/gaming-linux-fr/glf-os/app-glf-os/proton-cachyos-bin.git"
      }
    },
    "app-proton-ge": {
      "flake": false,
      "locked": {
        "lastModified": 1780304914,
        "narHash": "sha256-IxttVN6cpKESlLgpWBlWt+zcd/AjdWXRU+2nSbqU8p0=",
        "ref": "main",
        "rev": "3b219547038b018f2e9a69657975232feb36dcfa",
        "revCount": 8,
        "type": "git",
        "url": "https://framagit.org/gaming-linux-fr/glf-os/app-glf-os/proton-ge-bin-glf.git"
      },
      "original": {
        "ref": "main",
        "type": "git",
        "url": "https://framagit.org/gaming-linux-fr/glf-os/app-glf-os/proton-ge-bin-glf.git"
      }
    },
    "brave-previews": {
      "inputs": {
        "flake-utils": "flake-utils",
        "nixpkgs": [
          "nixpkgs"
        ]
      },
      "locked": {
        "lastModified": 1780689330,
        "narHash": "sha256-npL9LSfM1gYZun06NEFffN+ZLg0rbb0qC2RCCqLvQ5c=",
        "owner": "roudinebwt",
        "repo": "brave-preview",
        "rev": "ade42e48b831d2fbb3eb0497000ee0975adf82f4",
        "type": "github"
      },
      "original": {
        "owner": "roudinebwt",
        "repo": "brave-preview",
        "type": "github"
      }
    },
    "cachyos-kernel": {
      "flake": false,
      "locked": {
        "lastModified": 1780413908,
        "narHash": "sha256-T15bnskj20rdc4vJ55bFF2lVCVR8edilWn0hiYR7vVs=",
        "owner": "CachyOS",
        "repo": "linux-cachyos",
        "rev": "a61f943f5e94b75c5600a2968cb699d0e37945b3",
        "type": "github"
      },
      "original": {
        "owner": "CachyOS",
        "repo": "linux-cachyos",
        "type": "github"
      }
    },
    "cachyos-kernel-patches": {
      "flake": false,
      "locked": {
        "lastModified": 1780462466,
        "narHash": "sha256-t6c7FTqMB0skEz+4tei5v8GEyL4fRDgx24oW3LrnYiE=",
        "owner": "CachyOS",
        "repo": "kernel-patches",
        "rev": "bb41330bd4372672f552beda66712fb70b17f0fa",
        "type": "github"
      },
      "original": {
        "owner": "CachyOS",
        "repo": "kernel-patches",
        "type": "github"
      }
    },
    "caelestia-cli": {
      "inputs": {
        "caelestia-shell": [
          "caelestia-shell"
        ],
        "nixpkgs": [
          "caelestia-shell",
          "nixpkgs"
        ]
      },
      "locked": {
        "lastModified": 1780375472,
        "narHash": "sha256-Q8RAJoYlakA6B2I5DVcuxzNbhCNU1nnIjqQZYP1KGrM=",
        "owner": "caelestia-dots",
        "repo": "cli",
        "rev": "d1c8c8fc09738d1b40576e97c274b4a11a2e0ac7",
        "type": "github"
      },
      "original": {
        "owner": "caelestia-dots",
        "repo": "cli",
        "type": "github"
      }
    },
    "caelestia-shell": {
      "inputs": {
        "caelestia-cli": "caelestia-cli",
        "m3shapes": "m3shapes",
        "nixpkgs": [
          "nixpkgs"
        ],
        "quickshell": "quickshell"
      },
      "locked": {
        "lastModified": 1780852765,
        "narHash": "sha256-xUDtvwUU0tIFrlC0Pwx2Jdl0BnWnq1genLZsU+4P/ng=",
        "owner": "caelestia-dots",
        "repo": "shell",
        "rev": "b2a62e72abb307db2128f03910e0685e34672dce",
        "type": "github"
      },
      "original": {
        "owner": "caelestia-dots",
        "repo": "shell",
        "type": "github"
      }
    },
    "dms": {
      "inputs": {
        "flake-compat": "flake-compat",
        "nixpkgs": [
          "nixpkgs"
        ]
      },
      "locked": {
        "lastModified": 1780868844,
        "narHash": "sha256-YnqjsE6AcA2FTl0t/YnC9oWq72CqPjEZBrnYP9nMnoI=",
        "owner": "AvengeMedia",
        "repo": "DankMaterialShell",
        "rev": "d08c7c5e5528133d84aac80f34935931ae3423c9",
        "type": "github"
      },
      "original": {
        "owner": "AvengeMedia",
        "repo": "DankMaterialShell",
        "type": "github"
      }
    },
    "flake-compat": {
      "flake": false,
      "locked": {
        "lastModified": 1767039857,
        "narHash": "sha256-vNpUSpF5Nuw8xvDLj2KCwwksIbjua2LZCqhV1LNRDns=",
        "owner": "NixOS",
        "repo": "flake-compat",
        "rev": "5edf11c44bc78a0d334f6334cdaf7d60d732daab",
        "type": "github"
      },
      "original": {
        "owner": "NixOS",
        "repo": "flake-compat",
        "type": "github"
      }
    },
    "flake-compat_2": {
      "flake": false,
      "locked": {
        "lastModified": 1767039857,
        "narHash": "sha256-vNpUSpF5Nuw8xvDLj2KCwwksIbjua2LZCqhV1LNRDns=",
        "owner": "NixOS",
        "repo": "flake-compat",
        "rev": "5edf11c44bc78a0d334f6334cdaf7d60d732daab",
        "type": "github"
      },
      "original": {
        "owner": "NixOS",
        "repo": "flake-compat",
        "type": "github"
      }
    },
    "flake-parts": {
      "inputs": {
        "nixpkgs-lib": "nixpkgs-lib"
      },
      "locked": {
        "lastModified": 1778716662,
        "narHash": "sha256-m1Yf0wZ8j1OHjTc2UwHwyQRSnNeSgLJOd7q5Y45hzi4=",
        "owner": "hercules-ci",
        "repo": "flake-parts",
        "rev": "f7c1a2d347e4c52d5fb8d10cb4d94b5884e546fb",
        "type": "github"
      },
      "original": {
        "owner": "hercules-ci",
        "repo": "flake-parts",
        "type": "github"
      }
    },
    "flake-utils": {
      "inputs": {
        "systems": "systems"
      },
      "locked": {
        "lastModified": 1731533236,
        "narHash": "sha256-l0KFg5HjrsfsO/JpG+r7fRrqm12kzFHyUHqHCVpMMbI=",
        "owner": "numtide",
        "repo": "flake-utils",
        "rev": "11707dc2f618dd54ca8739b309ec4fc024de578b",
        "type": "github"
      },
      "original": {
        "owner": "numtide",
        "repo": "flake-utils",
        "type": "github"
      }
    },
    "glf-os": {
      "inputs": {
        "app-faugus-launcher": "app-faugus-launcher",
        "app-lutris": "app-lutris",
        "app-nix-disk": "app-nix-disk",
        "app-nix-firewall": "app-nix-firewall",
        "app-proton-cachyos": "app-proton-cachyos",
        "app-proton-ge": "app-proton-ge",
        "nixpkgs": [
          "nixpkgs"
        ],
        "nixpkgs-unstable": "nixpkgs-unstable",
        "utils": "utils"
      },
      "locked": {
        "lastModified": 1780856295,
        "narHash": "sha256-x1w0812r3MaXREnTikrJK+e0VpPDmwbDI6zG8vA7Q8Y=",
        "ref": "refs/heads/testing",
        "rev": "98653f32ea645cabc3111f6219d22f24598ac264",
        "revCount": 785,
        "type": "git",
        "url": "https://framagit.org/gaming-linux-fr/glf-os/glf-os"
      },
      "original": {
        "type": "git",
        "url": "https://framagit.org/gaming-linux-fr/glf-os/glf-os"
      }
    },
    "helium": {
      "inputs": {
        "nixpkgs": [
          "nixpkgs"
        ]
      },
      "locked": {
        "lastModified": 1780775646,
        "narHash": "sha256-nRtH0Y5R/TDVjJS2NTkIDfCNo0IgQQZ/7+oqnPw7Yzk=",
        "owner": "x13-me",
        "repo": "helium-nix",
        "rev": "cab1f92566bc94b63ef7e5203ea7358569d91cdb",
        "type": "github"
      },
      "original": {
        "owner": "x13-me",
        "ref": "rolling",
        "repo": "helium-nix",
        "type": "github"
      }
    },
    "home-manager": {
      "inputs": {
        "nixpkgs": [
          "nixpkgs"
        ]
      },
      "locked": {
        "lastModified": 1780885330,
        "narHash": "sha256-aMA5oAq2Iv467U9s8YOb50DYQT9w0WJbyWqwlzHuLMs=",
        "owner": "nix-community",
        "repo": "home-manager",
        "rev": "4fe95527cbe952713318ada8a4d122e1a6ab120f",
        "type": "github"
      },
      "original": {
        "owner": "nix-community",
        "repo": "home-manager",
        "type": "github"
      }
    },
    "home-manager_2": {
      "inputs": {
        "nixpkgs": [
          "zen-browser",
          "nixpkgs"
        ]
      },
      "locked": {
        "lastModified": 1780515920,
        "narHash": "sha256-8KX2hEeOX6KP3hBBJJI8dGWVrzbOOf1rBPmg/GUG24U=",
        "owner": "nix-community",
        "repo": "home-manager",
        "rev": "4c5c1e8ba14f1c7475fa31ff11bc1c19cd220974",
        "type": "github"
      },
      "original": {
        "owner": "nix-community",
        "repo": "home-manager",
        "type": "github"
      }
    },
    "luajit-src": {
      "flake": false,
      "locked": {
        "lastModified": 1763177035,
        "narHash": "sha256-oYD86MqmlJpiCuEs4LwVtxvarPtz1RPWm8nJqNE0sBs=",
        "owner": "SteamClientHomebrew",
        "repo": "LuaJIT",
        "rev": "89550023569c3e195e75e12951c067fe5591e0d2",
        "type": "github"
      },
      "original": {
        "owner": "SteamClientHomebrew",
        "ref": "v2.1",
        "repo": "LuaJIT",
        "type": "github"
      }
    },
    "m3shapes": {
      "flake": false,
      "locked": {
        "lastModified": 1777812556,
        "narHash": "sha256-E5nqOucRQBWKuT31AMekmfgMywRdHgSbU86R7t4BKKA=",
        "owner": "soramanew",
        "repo": "m3shapes",
        "rev": "356825d31f16052a782735cce264331cba0cb71b",
        "type": "github"
      },
      "original": {
        "owner": "soramanew",
        "repo": "m3shapes",
        "rev": "356825d31f16052a782735cce264331cba0cb71b",
        "type": "github"
      }
    },
    "millennium": {
      "inputs": {
        "luajit-src": "luajit-src",
        "millennium-src": "millennium-src",
        "nixpkgs": [
          "nixpkgs"
        ]
      },
      "locked": {
        "dir": "packages/nix",
        "lastModified": 1780809398,
        "narHash": "sha256-0NfwQ+bfpmbZtHLmdH5qiLF4YW606iNFZeIYh9Os5UI=",
        "owner": "SteamClientHomebrew",
        "repo": "Millennium",
        "rev": "5869a909340520ca7fb7a5919f453303f67eba9f",
        "type": "github"
      },
      "original": {
        "dir": "packages/nix",
        "owner": "SteamClientHomebrew",
        "repo": "Millennium",
        "type": "github"
      }
    },
    "millennium-src": {
      "flake": false,
      "locked": {
        "lastModified": 1780619503,
        "narHash": "sha256-H6h3p4C3XtAhS64MnmRhHvDF8P1gEDGQ5Oo93KI5MvY=",
        "owner": "SteamClientHomebrew",
        "repo": "Millennium",
        "rev": "f8ec21d14e0f2536f099cd06dd099e39fd04cda7",
        "type": "github"
      },
      "original": {
        "owner": "SteamClientHomebrew",
        "repo": "Millennium",
        "rev": "f8ec21d14e0f2536f099cd06dd099e39fd04cda7",
        "type": "github"
      }
    },
    "nix-cachyos-kernel": {
      "inputs": {
        "cachyos-kernel": "cachyos-kernel",
        "cachyos-kernel-patches": "cachyos-kernel-patches",
        "flake-compat": "flake-compat_2",
        "flake-parts": "flake-parts",
        "nixpkgs": "nixpkgs"
      },
      "locked": {
        "lastModified": 1780771919,
        "narHash": "sha256-cbace1ZTWYFG0luPL7OFlUxDh/t9lmPj+Isvg9hLN0k=",
        "owner": "xddxdd",
        "repo": "nix-cachyos-kernel",
        "rev": "3d940a534da0ba6bce60e345ff2c9c7b062087fb",
        "type": "github"
      },
      "original": {
        "owner": "xddxdd",
        "ref": "release",
        "repo": "nix-cachyos-kernel",
        "type": "github"
      }
    },
    "nix-flatpak": {
      "locked": {
        "lastModified": 1780670980,
        "narHash": "sha256-wB9Bq2phLI85eYUVinIqY+cAcok/1b3xYY2L0dy7n1I=",
        "owner": "gmodena",
        "repo": "nix-flatpak",
        "rev": "770055e3a6a484f88e36302da5b2a910f6a4528b",
        "type": "github"
      },
      "original": {
        "owner": "gmodena",
        "repo": "nix-flatpak",
        "type": "github"
      }
    },
    "nix-gaming-edge": {
      "inputs": {
        "nixpkgs": [
          "nixpkgs"
        ]
      },
      "locked": {
        "lastModified": 1780470529,
        "narHash": "sha256-b9K+7l+tJbwVsjiuVnDuFPi6utKQKx2gHMRjbNo1+p0=",
        "owner": "powerofthe69",
        "repo": "nix-gaming-edge",
        "rev": "7bc7ae5bd8f24ecd249b25e0bb7c39ba69306608",
        "type": "github"
      },
      "original": {
        "owner": "powerofthe69",
        "repo": "nix-gaming-edge",
        "type": "github"
      }
    },
    "nixpkgs": {
      "locked": {
        "lastModified": 1780751787,
        "narHash": "sha256-nWR7F46SyrLvN8Ot39XJDpVCswekGakXlOD4KsTYKW0=",
        "owner": "NixOS",
        "repo": "nixpkgs",
        "rev": "00fa9a692bafc08a86061886f888b843bf7fbdb0",
        "type": "github"
      },
      "original": {
        "owner": "NixOS",
        "ref": "nixos-unstable-small",
        "repo": "nixpkgs",
        "type": "github"
      }
    },
    "nixpkgs-lib": {
      "locked": {
        "lastModified": 1777168982,
        "narHash": "sha256-GOkGPcboWE9BmGCRMLX3worL4EMnsnG8MyKmXNeYuhQ=",
        "owner": "nix-community",
        "repo": "nixpkgs.lib",
        "rev": "f5901329dade4a6ea039af1433fb087bd9c1fe14",
        "type": "github"
      },
      "original": {
        "owner": "nix-community",
        "repo": "nixpkgs.lib",
        "type": "github"
      }
    },
    "nixpkgs-stable": {
      "locked": {
        "lastModified": 1780734595,
        "narHash": "sha256-DmTfP92QFYRLOGXlMIE54MAgxSJjDWocl3gRNOu72Os=",
        "owner": "NixOS",
        "repo": "nixpkgs",
        "rev": "9b696460ac78b5ccfc17c854d8c976f20456e943",
        "type": "github"
      },
      "original": {
        "owner": "NixOS",
        "ref": "nixos-26.05",
        "repo": "nixpkgs",
        "type": "github"
      }
    },
    "nixpkgs-unstable": {
      "locked": {
        "lastModified": 1779560665,
        "narHash": "sha256-tpyBcxPpcQb8ukyNF7DoCwfSY3VPsxHoYwj00Cayv5o=",
        "owner": "NixOS",
        "repo": "nixpkgs",
        "rev": "64c08a7ca051951c8eae34e3e3cb1e202fe36786",
        "type": "github"
      },
      "original": {
        "owner": "NixOS",
        "ref": "nixos-unstable",
        "repo": "nixpkgs",
        "type": "github"
      }
    },
    "nixpkgs_2": {
      "locked": {
        "lastModified": 1780749050,
        "narHash": "sha256-3av0pIjlOWQ6rDbNOmpUSvbNnJkGORQKKjb4LtCZsIY=",
        "owner": "NixOS",
        "repo": "nixpkgs",
        "rev": "a799d3e3886da994fa307f817a6bc705ae538eeb",
        "type": "github"
      },
      "original": {
        "owner": "NixOS",
        "ref": "nixos-unstable",
        "repo": "nixpkgs",
        "type": "github"
      }
    },
    "nixpkgs_3": {
      "locked": {
        "lastModified": 1777268161,
        "narHash": "sha256-e1tDUQMbFCxCnke314UpghgRqg3FJLtcXFfq/WTRLYI=",
        "rev": "1c3fe55ad329cbcb28471bb30f05c9827f724c76",
        "type": "tarball",
        "url": "https://releases.nixos.org/nixos/unstable/nixos-26.05pre987561.1c3fe55ad329/nixexprs.tar.xz"
      },
      "original": {
        "type": "tarball",
        "url": "https://channels.nixos.org/nixos-unstable/nixexprs.tar.xz"
      }
    },
    "noctalia": {
      "inputs": {
        "nixpkgs": "nixpkgs_3"
      },
      "locked": {
        "lastModified": 1780886439,
        "narHash": "sha256-qlfWzzgoU7kbgckLKCiVNqhGhdKtxcNfU3fSV1+dF3Y=",
        "owner": "noctalia-dev",
        "repo": "noctalia-shell",
        "rev": "62f55c6987ff8630e9e7a5b2618c5ac29b21e2d0",
        "type": "github"
      },
      "original": {
        "owner": "noctalia-dev",
        "ref": "v5",
        "repo": "noctalia-shell",
        "type": "github"
      }
    },
    "plasma-manager": {
      "inputs": {
        "home-manager": [
          "home-manager"
        ],
        "nixpkgs": [
          "nixpkgs"
        ]
      },
      "locked": {
        "lastModified": 1775856943,
        "narHash": "sha256-b7Mp7P+q2Md5AGt4rjHfMcBykzMumFTen10ST++AuTU=",
        "owner": "nix-community",
        "repo": "plasma-manager",
        "rev": "a524a6160e6df89f7673ba293cf7d78b559eb1a5",
        "type": "github"
      },
      "original": {
        "owner": "nix-community",
        "repo": "plasma-manager",
        "type": "github"
      }
    },
    "quickshell": {
      "inputs": {
        "nixpkgs": [
          "caelestia-shell",
          "nixpkgs"
        ]
      },
      "locked": {
        "lastModified": 1780303737,
        "narHash": "sha256-7HgdJBG4BgAPDyHKKxWtxj7nziqsQo6zQCXtwy+L9fs=",
        "ref": "refs/heads/master",
        "rev": "b66495fcc5022681b56b61f928c7acbe910e722c",
        "revCount": 821,
        "type": "git",
        "url": "https://git.outfoxxed.me/outfoxxed/quickshell"
      },
      "original": {
        "type": "git",
        "url": "https://git.outfoxxed.me/outfoxxed/quickshell"
      }
    },
    "root": {
      "inputs": {
        "brave-previews": "brave-previews",
        "caelestia-shell": "caelestia-shell",
        "dms": "dms",
        "glf-os": "glf-os",
        "helium": "helium",
        "home-manager": "home-manager",
        "millennium": "millennium",
        "nix-cachyos-kernel": "nix-cachyos-kernel",
        "nix-flatpak": "nix-flatpak",
        "nix-gaming-edge": "nix-gaming-edge",
        "nixpkgs": "nixpkgs_2",
        "nixpkgs-stable": "nixpkgs-stable",
        "noctalia": "noctalia",
        "plasma-manager": "plasma-manager",
        "roudix-caches": "roudix-caches",
        "spicetify-nix": "spicetify-nix",
        "zen-browser": "zen-browser"
      }
    },
    "roudix-caches": {
      "inputs": {
        "nixpkgs": [
          "nixpkgs"
        ],
        "rust-overlay": "rust-overlay"
      },
      "locked": {
        "lastModified": 1780816017,
        "narHash": "sha256-FAUr9rNU3LFTX0E/l4aOl2hxR8wCaxG/pgiV3BZ7pik=",
        "owner": "RoudineBWT",
        "repo": "Roudix-caches",
        "rev": "4a2589695a331a8e0a48d8ce1bed14d49fb4082d",
        "type": "github"
      },
      "original": {
        "owner": "RoudineBWT",
        "repo": "Roudix-caches",
        "type": "github"
      }
    },
    "rust-overlay": {
      "inputs": {
        "nixpkgs": [
          "roudix-caches",
          "nixpkgs"
        ]
      },
      "locked": {
        "lastModified": 1780802404,
        "narHash": "sha256-bGtIUeLb0yChX4h6hB40OOCwcYhcpQZHXSDvZGdWgeM=",
        "owner": "oxalica",
        "repo": "rust-overlay",
        "rev": "8e596a8430f2ce54d55c742198187d6945a5501e",
        "type": "github"
      },
      "original": {
        "owner": "oxalica",
        "repo": "rust-overlay",
        "type": "github"
      }
    },
    "spicetify-nix": {
      "inputs": {
        "nixpkgs": [
          "nixpkgs"
        ],
        "systems": "systems_3"
      },
      "locked": {
        "lastModified": 1780857688,
        "narHash": "sha256-e4E6M6erJIus5Cm/A4faaaTuUfof1uvcviAPSh7tmLU=",
        "owner": "Gerg-L",
        "repo": "spicetify-nix",
        "rev": "aad629e8261f219b0a5b3a2189b09d65216a0983",
        "type": "github"
      },
      "original": {
        "owner": "Gerg-L",
        "repo": "spicetify-nix",
        "type": "github"
      }
    },
    "systems": {
      "locked": {
        "lastModified": 1681028828,
        "narHash": "sha256-Vy1rq5AaRuLzOxct8nz4T6wlgyUR7zLU309k9mBC768=",
        "owner": "nix-systems",
        "repo": "default",
        "rev": "da67096a3b9bf56a91d16901293e51ba5b49a27e",
        "type": "github"
      },
      "original": {
        "owner": "nix-systems",
        "repo": "default",
        "type": "github"
      }
    },
    "systems_2": {
      "locked": {
        "lastModified": 1681028828,
        "narHash": "sha256-Vy1rq5AaRuLzOxct8nz4T6wlgyUR7zLU309k9mBC768=",
        "owner": "nix-systems",
        "repo": "default",
        "rev": "da67096a3b9bf56a91d16901293e51ba5b49a27e",
        "type": "github"
      },
      "original": {
        "owner": "nix-systems",
        "repo": "default",
        "type": "github"
      }
    },
    "systems_3": {
      "locked": {
        "lastModified": 1681028828,
        "narHash": "sha256-Vy1rq5AaRuLzOxct8nz4T6wlgyUR7zLU309k9mBC768=",
        "owner": "nix-systems",
        "repo": "default",
        "rev": "da67096a3b9bf56a91d16901293e51ba5b49a27e",
        "type": "github"
      },
      "original": {
        "owner": "nix-systems",
        "repo": "default",
        "type": "github"
      }
    },
    "utils": {
      "inputs": {
        "systems": "systems_2"
      },
      "locked": {
        "lastModified": 1731533236,
        "narHash": "sha256-l0KFg5HjrsfsO/JpG+r7fRrqm12kzFHyUHqHCVpMMbI=",
        "owner": "numtide",
        "repo": "flake-utils",
        "rev": "11707dc2f618dd54ca8739b309ec4fc024de578b",
        "type": "github"
      },
      "original": {
        "owner": "numtide",
        "repo": "flake-utils",
        "type": "github"
      }
    },
    "zen-browser": {
      "inputs": {
        "home-manager": "home-manager_2",
        "nixpkgs": [
          "nixpkgs"
        ]
      },
      "locked": {
        "lastModified": 1780844008,
        "narHash": "sha256-o0qkBlySSsbA9ZCOb36Sysy4RD92k1McPIa6Whri14o=",
        "owner": "0xc000022070",
        "repo": "zen-browser-flake",
        "rev": "dbbb396d52d2746505017e5d84d87e4f333df085",
        "type": "github"
      },
      "original": {
        "owner": "0xc000022070",
        "repo": "zen-browser-flake",
        "type": "github"
      }
    }
  },
  "root": "root",
  "version": 7
}
